
Microsoft Visual Studio Solution File, Format Version 12.00
# Visual Studio Version 17
VisualStudioVersion = 17.8.34330.188
MinimumVisualStudioVersion = 10.0.40219.1
Project("{FAE04EC0-301F-11D3-BF4B-00C04F79EFBC}") = "Delegats_events_and_LINQ", "Delegats_events_and_LINQ\Delegats_events_and_LINQ.csproj", "{F21212CD-BBBF-4614-B17A-4E16A0536276}"
EndProject
Global
	GlobalSection(SolutionConfigurationPlatforms) = preSolution
		Debug|Any CPU = Debug|Any CPU
		Release|Any CPU = Release|Any CPU
	EndGlobalSection
	GlobalSection(ProjectConfigurationPlatforms) = postSolution
		{F21212CD-BBBF-4614-B17A-4E16A0536276}.Debug|Any CPU.ActiveCfg = Debug|Any CPU
		{F21212CD-BBBF-4614-B17A-4E16A0536276}.Debug|Any CPU.Build.0 = Debug|Any CPU
		{F21212CD-BBBF-4614-B17A-4E16A0536276}.Release|Any CPU.ActiveCfg = Release|Any CPU
		{F21212CD-BBBF-4614-B17A-4E16A0536276}.Release|Any CPU.Build.0 = Release|Any CPU
	EndGlobalSection
	GlobalSection(SolutionProperties) = preSolution
		HideSolutionNode = FALSE
	EndGlobalSection
	GlobalSection(ExtensibilityGlobals) = postSolution
		SolutionGuid = {36897F05-35B6-4843-8DD0-2F3C06730D39}
	EndGlobalSection
EndGlobal
